
Microsoft Visual Studio Solution File, Format Version 12.00
# Visual Studio Version 17
VisualStudioVersion = 17.7.34031.279
MinimumVisualStudioVersion = 10.0.40219.1
Project("{FAE04EC0-301F-11D3-BF4B-00C04F79EFBC}") = "Polly", "Polly\Polly.csproj", "{CDFF4326-A02C-4885-8D56-AB53E8C4EDAA}"
EndProject
Global
	GlobalSection(SolutionConfigurationPlatforms) = preSolution
		Debug|Any CPU = Debug|Any CPU
		Release|Any CPU = Release|Any CPU
	EndGlobalSection
	GlobalSection(ProjectConfigurationPlatforms) = postSolution
		{CDFF4326-A02C-4885-8D56-AB53E8C4EDAA}.Debug|Any CPU.ActiveCfg = Debug|Any CPU
		{CDFF4326-A02C-4885-8D56-AB53E8C4EDAA}.Debug|Any CPU.Build.0 = Debug|Any CPU
		{CDFF4326-A02C-4885-8D56-AB53E8C4EDAA}.Release|Any CPU.ActiveCfg = Release|Any CPU
		{CDFF4326-A02C-4885-8D56-AB53E8C4EDAA}.Release|Any CPU.Build.0 = Release|Any CPU
	EndGlobalSection
	GlobalSection(SolutionProperties) = preSolution
		HideSolutionNode = FALSE
	EndGlobalSection
	GlobalSection(ExtensibilityGlobals) = postSolution
		SolutionGuid = {E462D2F0-D324-4F1A-BCE9-208311181CD1}
	EndGlobalSection
EndGlobal
